<?xml version="1.0" encoding="utf-8"?>
<Project ToolsVersion="4.0" xmlns="http://schemas.microsoft.com/developer/msbuild/2003">
  <ItemGroup>
    <Filter Include="源文件">
      <UniqueIdentifier>{4FC737F1-C7A5-4376-A066-2A32D752A2FF}</UniqueIdentifier>
      <Extensions>cpp;c;cc;cxx;def;odl;idl;hpj;bat;asm;asmx</Extensions>
    </Filter>
    <Filter Include="头文件">
      <UniqueIdentifier>{93995380-89BD-4b04-88EB-625FBE52EBFB}</UniqueIdentifier>
      <Extensions>h;hh;hpp;hxx;hm;inl;inc;xsd</Extensions>
    </Filter>
    <Filter Include="资源文件">
      <UniqueIdentifier>{67DA6AB6-F800-4c08-8B7A-83BB121AAD01}</UniqueIdentifier>
      <Extensions>rc;ico;cur;bmp;dlg;rc2;rct;bin;rgs;gif;jpg;jpeg;jpe;resx;tiff;tif;png;wav;mfcribbon-ms</Extensions>
    </Filter>
    <Filter Include="头文件\Control">
      <UniqueIdentifier>{a37cbf09-4e3b-44c4-b0ac-45f91d97f9de}</UniqueIdentifier>
    </Filter>
    <Filter Include="头文件\Common">
      <UniqueIdentifier>{923831f8-b959-4977-8df3-0e432f786d08}</UniqueIdentifier>
    </Filter>
    <Filter Include="头文件\Render">
      <UniqueIdentifier>{a3d9494f-0408-477a-97fb-3047b0385c80}</UniqueIdentifier>
    </Filter>
    <Filter Include="头文件\IO">
      <UniqueIdentifier>{699ffe7e-b484-45b9-90b4-0710d2caba16}</UniqueIdentifier>
    </Filter>
    <Filter Include="头文件\Media">
      <UniqueIdentifier>{d48aa7fd-f42b-434b-82a0-3995c577501c}</UniqueIdentifier>
    </Filter>
    <Filter Include="源文件\Control">
      <UniqueIdentifier>{93194930-9478-4e08-bc0a-8905388668fc}</UniqueIdentifier>
    </Filter>
    <Filter Include="源文件\Common">
      <UniqueIdentifier>{74733db4-1830-4686-aba4-7824e977f9bb}</UniqueIdentifier>
    </Filter>
    <Filter Include="源文件\IO">
      <UniqueIdentifier>{96530135-0d89-4ed2-bdd7-53fb3bf386d1}</UniqueIdentifier>
    </Filter>
    <Filter Include="源文件\Render">
      <UniqueIdentifier>{680b17e6-f10a-432f-893a-f03d7e870db8}</UniqueIdentifier>
    </Filter>
    <Filter Include="源文件\Media">
      <UniqueIdentifier>{1e8032d1-2f19-4993-b78e-a5f97f2fd69b}</UniqueIdentifier>
    </Filter>
    <Filter Include="头文件\XML">
      <UniqueIdentifier>{e08652e1-9ed1-43b7-a12d-c3805ed74177}</UniqueIdentifier>
    </Filter>
    <Filter Include="源文件\XML">
      <UniqueIdentifier>{76d9aa03-1393-4abe-a455-49aa1d246187}</UniqueIdentifier>
    </Filter>
    <Filter Include="头文件\Windowless">
      <UniqueIdentifier>{4194c984-b513-4f95-885a-189b3e0790f8}</UniqueIdentifier>
    </Filter>
    <Filter Include="源文件\Windowless">
      <UniqueIdentifier>{1310ee77-7b33-4ade-865a-a2cf1c0fa9da}</UniqueIdentifier>
    </Filter>
    <Filter Include="头文件\Database">
      <UniqueIdentifier>{8a86e91d-15fb-42b8-8d9a-9ed07e45d1c0}</UniqueIdentifier>
    </Filter>
    <Filter Include="源文件\Database">
      <UniqueIdentifier>{2fd6efcb-9b17-4803-9976-b86ac8f43b30}</UniqueIdentifier>
    </Filter>
    <Filter Include="头文件\Network">
      <UniqueIdentifier>{c4aea11b-e32c-4c8c-b919-91e34f7d913c}</UniqueIdentifier>
    </Filter>
    <Filter Include="源文件\Network">
      <UniqueIdentifier>{ac6f29a6-0362-47eb-941b-f7084c021f6a}</UniqueIdentifier>
    </Filter>
    <Filter Include="源文件\Network\Json">
      <UniqueIdentifier>{3ab3401a-7e19-4b82-935c-a891646185dd}</UniqueIdentifier>
    </Filter>
    <Filter Include="头文件\Network\Json">
      <UniqueIdentifier>{af55b7ea-13f8-44d0-9fe6-19929445f012}</UniqueIdentifier>
    </Filter>
  </ItemGroup>
  <ItemGroup>
    <Text Include="ReadMe.txt" />
  </ItemGroup>
  <ItemGroup>
    <ClInclude Include="stdafx.h">
      <Filter>头文件</Filter>
    </ClInclude>
    <ClInclude Include="targetver.h">
      <Filter>头文件</Filter>
    </ClInclude>
    <ClInclude Include="resource.h">
      <Filter>头文件</Filter>
    </ClInclude>
    <ClInclude Include="Common\TinyApplication.h">
      <Filter>头文件\Common</Filter>
    </ClInclude>
    <ClInclude Include="Common\TinyCollection.h">
      <Filter>头文件\Common</Filter>
    </ClInclude>
    <ClInclude Include="Common\TinyCommon.h">
      <Filter>头文件\Common</Filter>
    </ClInclude>
    <ClInclude Include="Common\TinyDelegate.h">
      <Filter>头文件\Common</Filter>
    </ClInclude>
    <ClInclude Include="Common\TinyDialog.h">
      <Filter>头文件\Common</Filter>
    </ClInclude>
    <ClInclude Include="Common\TinyEvent.h">
      <Filter>头文件\Common</Filter>
    </ClInclude>
    <ClInclude Include="Common\TinyHandleMap.h">
      <Filter>头文件\Common</Filter>
    </ClInclude>
    <ClInclude Include="Common\TinyModule.h">
      <Filter>头文件\Common</Filter>
    </ClInclude>
    <ClInclude Include="Common\TinyMsg.h">
      <Filter>头文件\Common</Filter>
    </ClInclude>
    <ClInclude Include="Common\TinyObject.h">
      <Filter>头文件\Common</Filter>
    </ClInclude>
    <ClInclude Include="Common\TinyShell.h">
      <Filter>头文件\Common</Filter>
    </ClInclude>
    <ClInclude Include="Common\TinySingle.h">
      <Filter>头文件\Common</Filter>
    </ClInclude>
    <ClInclude Include="Common\TinyString.h">
      <Filter>头文件\Common</Filter>
    </ClInclude>
    <ClInclude Include="Common\TinyThunk.h">
      <Filter>头文件\Common</Filter>
    </ClInclude>
    <ClInclude Include="Common\TinyTime.h">
      <Filter>头文件\Common</Filter>
    </ClInclude>
    <ClInclude Include="Common\TinyWindow.h">
      <Filter>头文件\Common</Filter>
    </ClInclude>
    <ClInclude Include="Common\TinyWindowMsg.h">
      <Filter>头文件\Common</Filter>
    </ClInclude>
    <ClInclude Include="Media\TinyWave.h">
      <Filter>头文件\Media</Filter>
    </ClInclude>
    <ClInclude Include="IO\TinyIO.h">
      <Filter>头文件\IO</Filter>
    </ClInclude>
    <ClInclude Include="Render\TinyGraphics.h">
      <Filter>头文件\Render</Filter>
    </ClInclude>
    <ClInclude Include="Render\TinyGraphicsRender.h">
      <Filter>头文件\Render</Filter>
    </ClInclude>
    <ClInclude Include="Render\TinyRichUI.h">
      <Filter>头文件\Render</Filter>
    </ClInclude>
    <ClInclude Include="XML\tinystr.h">
      <Filter>头文件\XML</Filter>
    </ClInclude>
    <ClInclude Include="XML\tinyxml.h">
      <Filter>头文件\XML</Filter>
    </ClInclude>
    <ClInclude Include="Control\TinyAnimate.h">
      <Filter>头文件\Control</Filter>
    </ClInclude>
    <ClInclude Include="Control\TinyButton.h">
      <Filter>头文件\Control</Filter>
    </ClInclude>
    <ClInclude Include="Control\TinyColumn.h">
      <Filter>头文件\Control</Filter>
    </ClInclude>
    <ClInclude Include="Control\TinyCommonDialog.h">
      <Filter>头文件\Control</Filter>
    </ClInclude>
    <ClInclude Include="Control\TinyControl.h">
      <Filter>头文件\Control</Filter>
    </ClInclude>
    <ClInclude Include="Control\TinyFileView.h">
      <Filter>头文件\Control</Filter>
    </ClInclude>
    <ClInclude Include="Control\TinyFolderView.h">
      <Filter>头文件\Control</Filter>
    </ClInclude>
    <ClInclude Include="Control\TinyHotKey.h">
      <Filter>头文件\Control</Filter>
    </ClInclude>
    <ClInclude Include="Control\TinyImageList.h">
      <Filter>头文件\Control</Filter>
    </ClInclude>
    <ClInclude Include="Control\TinyIPAddress.h">
      <Filter>头文件\Control</Filter>
    </ClInclude>
    <ClInclude Include="Control\TinyLabel.h">
      <Filter>头文件\Control</Filter>
    </ClInclude>
    <ClInclude Include="Control\TinyListBox.h">
      <Filter>头文件\Control</Filter>
    </ClInclude>
    <ClInclude Include="Control\TinyListView.h">
      <Filter>头文件\Control</Filter>
    </ClInclude>
    <ClInclude Include="Control\TinyMenu.h">
      <Filter>头文件\Control</Filter>
    </ClInclude>
    <ClInclude Include="Control\TinyProgressBar.h">
      <Filter>头文件\Control</Filter>
    </ClInclude>
    <ClInclude Include="Control\TinyRebar.h">
      <Filter>头文件\Control</Filter>
    </ClInclude>
    <ClInclude Include="Control\TinyRichTextBox.h">
      <Filter>头文件\Control</Filter>
    </ClInclude>
    <ClInclude Include="Control\TinyScrollBar.h">
      <Filter>头文件\Control</Filter>
    </ClInclude>
    <ClInclude Include="Control\TinyTabControl.h">
      <Filter>头文件\Control</Filter>
    </ClInclude>
    <ClInclude Include="Control\TinyTextBox.h">
      <Filter>头文件\Control</Filter>
    </ClInclude>
    <ClInclude Include="Control\TinyTrackBar.h">
      <Filter>头文件\Control</Filter>
    </ClInclude>
    <ClInclude Include="Control\TinyTreeView.h">
      <Filter>头文件\Control</Filter>
    </ClInclude>
    <ClInclude Include="Render\TinyImage.h">
      <Filter>头文件\Render</Filter>
    </ClInclude>
    <ClInclude Include="Render\TinyTheme.h">
      <Filter>头文件\Render</Filter>
    </ClInclude>
    <ClInclude Include="Windowless\TinyVisual.h">
      <Filter>头文件\Windowless</Filter>
    </ClInclude>
    <ClInclude Include="Windowless\TinyVisualHWND.h">
      <Filter>头文件\Windowless</Filter>
    </ClInclude>
    <ClInclude Include="Control\TinyFrameUI.h">
      <Filter>头文件\Control</Filter>
    </ClInclude>
    <ClInclude Include="Windowless\TinyView.h">
      <Filter>头文件\Windowless</Filter>
    </ClInclude>
    <ClInclude Include="XML\TinyXMLParse.h">
      <Filter>头文件\XML</Filter>
    </ClInclude>
    <ClInclude Include="Windowless\TinyLayout.h">
      <Filter>头文件\Windowless</Filter>
    </ClInclude>
    <ClInclude Include="Control\TinyScrollBox.h">
      <Filter>头文件\Control</Filter>
    </ClInclude>
    <ClInclude Include="Control\TinyTabBox.h">
      <Filter>头文件\Control</Filter>
    </ClInclude>
    <ClInclude Include="Common\TinyTreeBox.h">
      <Filter>头文件\Control</Filter>
    </ClInclude>
    <ClInclude Include="Control\TinyContextMenu.h">
      <Filter>头文件\Control</Filter>
    </ClInclude>
    <ClInclude Include="Windowless\TinyVisualEvent.h">
      <Filter>头文件\Windowless</Filter>
    </ClInclude>
    <ClInclude Include="Database\TinyDatabase.h">
      <Filter>头文件\Database</Filter>
    </ClInclude>
    <ClInclude Include="Database\TinyAdo.h">
      <Filter>头文件\Database</Filter>
    </ClInclude>
    <ClInclude Include="Database\TinySqlite.h">
      <Filter>头文件\Database</Filter>
    </ClInclude>
    <ClInclude Include="Common\TinyLogging.h">
      <Filter>头文件\Common</Filter>
    </ClInclude>
    <ClInclude Include="Network\TinyHttp.h">
      <Filter>头文件\Network</Filter>
    </ClInclude>
    <ClInclude Include="Common\TinyCallback.h">
      <Filter>头文件\Common</Filter>
    </ClInclude>
    <ClInclude Include="Network\TinySocket.h">
      <Filter>头文件\Network</Filter>
    </ClInclude>
    <ClInclude Include="IO\TinyTPool.h">
      <Filter>头文件\IO</Filter>
    </ClInclude>
    <ClInclude Include="IO\TinyTaskQueue.h">
      <Filter>头文件\IO</Filter>
    </ClInclude>
    <ClInclude Include="IO\TinyTaskItem.h">
      <Filter>头文件\IO</Filter>
    </ClInclude>
  </ItemGroup>
  <ItemGroup>
    <ClCompile Include="stdafx.cpp">
      <Filter>源文件</Filter>
    </ClCompile>
    <ClCompile Include="Common\TinyApplication.cpp">
      <Filter>源文件\Common</Filter>
    </ClCompile>
    <ClCompile Include="Common\TinyCollection.cpp">
      <Filter>源文件\Common</Filter>
    </ClCompile>
    <ClCompile Include="Common\TinyCommon.cpp">
      <Filter>源文件\Common</Filter>
    </ClCompile>
    <ClCompile Include="Common\TinyDelegate.cpp">
      <Filter>源文件\Common</Filter>
    </ClCompile>
    <ClCompile Include="Common\TinyDialog.cpp">
      <Filter>源文件\Common</Filter>
    </ClCompile>
    <ClCompile Include="Common\TinyEvent.cpp">
      <Filter>源文件\Common</Filter>
    </ClCompile>
    <ClCompile Include="Common\TinyHandleMap.cpp">
      <Filter>源文件\Common</Filter>
    </ClCompile>
    <ClCompile Include="Common\TinyModule.cpp">
      <Filter>源文件\Common</Filter>
    </ClCompile>
    <ClCompile Include="Common\TinyMsg.cpp">
      <Filter>源文件\Common</Filter>
    </ClCompile>
    <ClCompile Include="Common\TinyObject.cpp">
      <Filter>源文件\Common</Filter>
    </ClCompile>
    <ClCompile Include="Common\TinyShell.cpp">
      <Filter>源文件\Common</Filter>
    </ClCompile>
    <ClCompile Include="Common\TinySingle.cpp">
      <Filter>源文件\Common</Filter>
    </ClCompile>
    <ClCompile Include="Common\TinyString.cpp">
      <Filter>源文件\Common</Filter>
    </ClCompile>
    <ClCompile Include="Common\TinyThunk.cpp">
      <Filter>源文件\Common</Filter>
    </ClCompile>
    <ClCompile Include="Common\TinyTime.cpp">
      <Filter>源文件\Common</Filter>
    </ClCompile>
    <ClCompile Include="Common\TinyWindow.cpp">
      <Filter>源文件\Common</Filter>
    </ClCompile>
    <ClCompile Include="Common\TinyWindowMsg.cpp">
      <Filter>源文件\Common</Filter>
    </ClCompile>
    <ClCompile Include="Control\TinyAnimate.cpp">
      <Filter>源文件\Control</Filter>
    </ClCompile>
    <ClCompile Include="Control\TinyButton.cpp">
      <Filter>源文件\Control</Filter>
    </ClCompile>
    <ClCompile Include="Control\TinyColumn.cpp">
      <Filter>源文件\Control</Filter>
    </ClCompile>
    <ClCompile Include="Control\TinyCommonDialog.cpp">
      <Filter>源文件\Control</Filter>
    </ClCompile>
    <ClCompile Include="Control\TinyControl.cpp">
      <Filter>源文件\Control</Filter>
    </ClCompile>
    <ClCompile Include="Control\TinyFileView.cpp">
      <Filter>源文件\Control</Filter>
    </ClCompile>
    <ClCompile Include="Control\TinyFolderView.cpp">
      <Filter>源文件\Control</Filter>
    </ClCompile>
    <ClCompile Include="Control\TinyHotKey.cpp">
      <Filter>源文件\Control</Filter>
    </ClCompile>
    <ClCompile Include="Control\TinyImageList.cpp">
      <Filter>源文件\Control</Filter>
    </ClCompile>
    <ClCompile Include="Control\TinyIPAddress.cpp">
      <Filter>源文件\Control</Filter>
    </ClCompile>
    <ClCompile Include="Control\TinyLabel.cpp">
      <Filter>源文件\Control</Filter>
    </ClCompile>
    <ClCompile Include="Control\TinyListBox.cpp">
      <Filter>源文件\Control</Filter>
    </ClCompile>
    <ClCompile Include="Control\TinyListView.cpp">
      <Filter>源文件\Control</Filter>
    </ClCompile>
    <ClCompile Include="Control\TinyMenu.cpp">
      <Filter>源文件\Control</Filter>
    </ClCompile>
    <ClCompile Include="Control\TinyProgressBar.cpp">
      <Filter>源文件\Control</Filter>
    </ClCompile>
    <ClCompile Include="Control\TinyRebar.cpp">
      <Filter>源文件\Control</Filter>
    </ClCompile>
    <ClCompile Include="Control\TinyRichTextBox.cpp">
      <Filter>源文件\Control</Filter>
    </ClCompile>
    <ClCompile Include="Control\TinyScrollBar.cpp">
      <Filter>源文件\Control</Filter>
    </ClCompile>
    <ClCompile Include="Control\TinyTabControl.cpp">
      <Filter>源文件\Control</Filter>
    </ClCompile>
    <ClCompile Include="Control\TinyTextBox.cpp">
      <Filter>源文件\Control</Filter>
    </ClCompile>
    <ClCompile Include="Control\TinyTrackBar.cpp">
      <Filter>源文件\Control</Filter>
    </ClCompile>
    <ClCompile Include="Control\TinyTreeView.cpp">
      <Filter>源文件\Control</Filter>
    </ClCompile>
    <ClCompile Include="IO\TinyIO.cpp">
      <Filter>源文件\IO</Filter>
    </ClCompile>
    <ClCompile Include="Media\TinyWave.cpp">
      <Filter>源文件\Media</Filter>
    </ClCompile>
    <ClCompile Include="Render\TinyGraphics.cpp">
      <Filter>源文件\Render</Filter>
    </ClCompile>
    <ClCompile Include="Render\TinyGraphicsRender.cpp">
      <Filter>源文件\Render</Filter>
    </ClCompile>
    <ClCompile Include="Render\TinyRichUI.cpp">
      <Filter>源文件\Render</Filter>
    </ClCompile>
    <ClCompile Include="XML\tinystr.cpp">
      <Filter>源文件\XML</Filter>
    </ClCompile>
    <ClCompile Include="XML\tinyxml.cpp">
      <Filter>源文件\XML</Filter>
    </ClCompile>
    <ClCompile Include="XML\tinyxmlerror.cpp">
      <Filter>源文件\XML</Filter>
    </ClCompile>
    <ClCompile Include="XML\tinyxmlparser.cpp">
      <Filter>源文件\XML</Filter>
    </ClCompile>
    <ClCompile Include="Render\stb_image.c">
      <Filter>源文件\Render</Filter>
    </ClCompile>
    <ClCompile Include="Render\TinyImage.cpp">
      <Filter>源文件\Render</Filter>
    </ClCompile>
    <ClCompile Include="Render\TinyTheme.cpp">
      <Filter>源文件\Render</Filter>
    </ClCompile>
    <ClCompile Include="Windowless\TinyVisual.cpp">
      <Filter>源文件\Windowless</Filter>
    </ClCompile>
    <ClCompile Include="Windowless\TinyVisualHWND.cpp">
      <Filter>源文件\Windowless</Filter>
    </ClCompile>
    <ClCompile Include="Control\TinyFrameUI.cpp">
      <Filter>源文件\Control</Filter>
    </ClCompile>
    <ClCompile Include="Windowless\TinyView.cpp">
      <Filter>源文件\Windowless</Filter>
    </ClCompile>
    <ClCompile Include="XML\TinyXMLParse.cpp">
      <Filter>源文件\XML</Filter>
    </ClCompile>
    <ClCompile Include="Windowless\TinyLayout.cpp">
      <Filter>源文件\Windowless</Filter>
    </ClCompile>
    <ClCompile Include="Control\TinyScrollBox.cpp">
      <Filter>源文件\Control</Filter>
    </ClCompile>
    <ClCompile Include="Control\TinyTabBox.cpp">
      <Filter>源文件\Control</Filter>
    </ClCompile>
    <ClCompile Include="Common\TinyTreeBox.cpp">
      <Filter>源文件\Control</Filter>
    </ClCompile>
    <ClCompile Include="Control\TinyContextMenu.cpp">
      <Filter>源文件\Control</Filter>
    </ClCompile>
    <ClCompile Include="Windowless\TinyVisualEvent.cpp">
      <Filter>源文件\Windowless</Filter>
    </ClCompile>
    <ClCompile Include="Database\TinyDatabase.cpp">
      <Filter>源文件\Database</Filter>
    </ClCompile>
    <ClCompile Include="Database\TinyAdo.cpp">
      <Filter>源文件\Database</Filter>
    </ClCompile>
    <ClCompile Include="Database\TinySqlite.cpp">
      <Filter>源文件\Database</Filter>
    </ClCompile>
    <ClCompile Include="Common\TinyLogging.cpp">
      <Filter>源文件\Common</Filter>
    </ClCompile>
    <ClCompile Include="Network\TinyHttp.cpp">
      <Filter>源文件\Network</Filter>
    </ClCompile>
    <ClCompile Include="Common\TinyCallback.cpp">
      <Filter>源文件\Common</Filter>
    </ClCompile>
    <ClCompile Include="Network\TinySocket.cpp">
      <Filter>源文件\Network</Filter>
    </ClCompile>
    <ClCompile Include="IO\TinyTPool.cpp">
      <Filter>源文件\IO</Filter>
    </ClCompile>
    <ClCompile Include="IO\TinyTaskQueue.cpp">
      <Filter>源文件\IO</Filter>
    </ClCompile>
    <ClCompile Include="IO\TinyTaskItem.cpp">
      <Filter>源文件\IO</Filter>
    </ClCompile>
  </ItemGroup>
  <ItemGroup>
    <ResourceCompile Include="TinyUI.rc">
      <Filter>资源文件</Filter>
    </ResourceCompile>
  </ItemGroup>
  <ItemGroup>
    <Xml Include="Skin.xml" />
  </ItemGroup>
</Project>